<?xml version="1.0" encoding="utf-8"?>
<Project ToolsVersion="4.0" xmlns="http://schemas.microsoft.com/developer/msbuild/2003">
  <ItemGroup>
    <CustomBuild Include="CMakeFiles\d8f56c96e5582435bfcd46eec82c1e29\INSTALL_force.rule">
      <Filter>CMake Rules</Filter>
    </CustomBuild>
  </ItemGroup>
  <ItemGroup>
    <Filter Include="CMake Rules">
      <UniqueIdentifier>{4A68F5D1-87D3-41FE-92C1-FC2A0FDA2CAD}</UniqueIdentifier>
    </Filter>
  </ItemGroup>
</Project>
