Microsoft Visual Studio Solution File, Format Version 12.00
# Visual Studio Version 17
VisualStudioVersion = 17.0.31903.59
MinimumVisualStudioVersion = 10.0.40219.1
Project("{8BC9CEB8-8B4A-11D0-8D11-00A0C91BC942}") = "spatialindex", "src\spatialindex.vcxproj", "{2A795A94-07FC-4861-BC63-C616AAA793AE}"
EndProject
Project("{8BC9CEB8-8B4A-11D0-8D11-00A0C91BC942}") = "spatialindex_c", "src\spatialindex_c.vcxproj", "{7D2EFE7A-D527-46C3-9084-4293E80048BD}"
	ProjectSection(ProjectDependencies) = postProject
		{2A795A94-07FC-4861-BC63-C616AAA793AE} = {2A795A94-07FC-4861-BC63-C616AAA793AE}
	EndProjectSection
EndProject
Project("{8BC9CEB8-8B4A-11D0-8D11-00A0C91BC942}") = "test-geometry-Intersection", "test\test-geometry-Intersection.vcxproj", "{5EAB6A16-82D9-4B95-BE53-A2E4C59CCEE7}"
	ProjectSection(ProjectDependencies) = postProject
		{2A795A94-07FC-4861-BC63-C616AAA793AE} = {2A795A94-07FC-4861-BC63-C616AAA793AE}
	EndProjectSection
EndProject
Project("{8BC9CEB8-8B4A-11D0-8D11-00A0C91BC942}") = "test-mvrtree-Exhaustive", "test\test-mvrtree-Exhaustive.vcxproj", "{6A0F4253-49BB-44F1-87A6-097588DE834C}"
	ProjectSection(ProjectDependencies) = postProject
		{2A795A94-07FC-4861-BC63-C616AAA793AE} = {2A795A94-07FC-4861-BC63-C616AAA793AE}
	EndProjectSection
EndProject
Project("{8BC9CEB8-8B4A-11D0-8D11-00A0C91BC942}") = "test-mvrtree-Generator", "test\test-mvrtree-Generator.vcxproj", "{8647B23D-4652-4C73-B530-0CD265BFFF05}"
	ProjectSection(ProjectDependencies) = postProject
		{2A795A94-07FC-4861-BC63-C616AAA793AE} = {2A795A94-07FC-4861-BC63-C616AAA793AE}
	EndProjectSection
EndProject
Project("{8BC9CEB8-8B4A-11D0-8D11-00A0C91BC942}") = "test-mvrtree-MVRTreeLoad", "test\test-mvrtree-MVRTreeLoad.vcxproj", "{A630F906-AD5C-403F-83EF-5EEF5CBC3AD4}"
	ProjectSection(ProjectDependencies) = postProject
		{2A795A94-07FC-4861-BC63-C616AAA793AE} = {2A795A94-07FC-4861-BC63-C616AAA793AE}
	EndProjectSection
EndProject
Project("{8BC9CEB8-8B4A-11D0-8D11-00A0C91BC942}") = "test-mvrtree-MVRTreeQuery", "test\test-mvrtree-MVRTreeQuery.vcxproj", "{B327A29C-AE96-430E-92B6-829D874C2224}"
	ProjectSection(ProjectDependencies) = postProject
		{2A795A94-07FC-4861-BC63-C616AAA793AE} = {2A795A94-07FC-4861-BC63-C616AAA793AE}
	EndProjectSection
EndProject
Project("{8BC9CEB8-8B4A-11D0-8D11-00A0C91BC942}") = "test-rtree-Exhaustive", "test\test-rtree-Exhaustive.vcxproj", "{5880FC09-EBEA-4CB1-971F-B9D405B1182E}"
	ProjectSection(ProjectDependencies) = postProject
		{2A795A94-07FC-4861-BC63-C616AAA793AE} = {2A795A94-07FC-4861-BC63-C616AAA793AE}
	EndProjectSection
EndProject
Project("{8BC9CEB8-8B4A-11D0-8D11-00A0C91BC942}") = "test-rtree-Generator", "test\test-rtree-Generator.vcxproj", "{1E780239-7660-40A3-9127-F64AEF8F652A}"
	ProjectSection(ProjectDependencies) = postProject
		{2A795A94-07FC-4861-BC63-C616AAA793AE} = {2A795A94-07FC-4861-BC63-C616AAA793AE}
	EndProjectSection
EndProject
Project("{8BC9CEB8-8B4A-11D0-8D11-00A0C91BC942}") = "test-rtree-RTreeBulkLoad", "test\test-rtree-RTreeBulkLoad.vcxproj", "{6CD47D3A-0CA9-4EF2-9FAB-D83533F5E1CE}"
	ProjectSection(ProjectDependencies) = postProject
		{2A795A94-07FC-4861-BC63-C616AAA793AE} = {2A795A94-07FC-4861-BC63-C616AAA793AE}
	EndProjectSection
EndProject
Project("{8BC9CEB8-8B4A-11D0-8D11-00A0C91BC942}") = "test-rtree-RTreeLoad", "test\test-rtree-RTreeLoad.vcxproj", "{C84C283D-6670-43FC-933B-BF6017B7ADB7}"
	ProjectSection(ProjectDependencies) = postProject
		{2A795A94-07FC-4861-BC63-C616AAA793AE} = {2A795A94-07FC-4861-BC63-C616AAA793AE}
	EndProjectSection
EndProject
Project("{8BC9CEB8-8B4A-11D0-8D11-00A0C91BC942}") = "test-rtree-RTreeQuery", "test\test-rtree-RTreeQuery.vcxproj", "{053BD83D-8D33-46E4-8BA0-156C09622BF6}"
	ProjectSection(ProjectDependencies) = postProject
		{2A795A94-07FC-4861-BC63-C616AAA793AE} = {2A795A94-07FC-4861-BC63-C616AAA793AE}
	EndProjectSection
EndProject
Project("{8BC9CEB8-8B4A-11D0-8D11-00A0C91BC942}") = "test-tprtree-Exhaustive", "test\test-tprtree-Exhaustive.vcxproj", "{B22D937E-86AC-4529-BBCE-175247CEE1EA}"
	ProjectSection(ProjectDependencies) = postProject
		{2A795A94-07FC-4861-BC63-C616AAA793AE} = {2A795A94-07FC-4861-BC63-C616AAA793AE}
	EndProjectSection
EndProject
Project("{8BC9CEB8-8B4A-11D0-8D11-00A0C91BC942}") = "test-tprtree-Generator", "test\test-tprtree-Generator.vcxproj", "{9B972FDE-3CD9-44B8-AB22-EB43C9827872}"
	ProjectSection(ProjectDependencies) = postProject
		{2A795A94-07FC-4861-BC63-C616AAA793AE} = {2A795A94-07FC-4861-BC63-C616AAA793AE}
	EndProjectSection
EndProject
Project("{8BC9CEB8-8B4A-11D0-8D11-00A0C91BC942}") = "test-tprtree-TPRTreeLoad", "test\test-tprtree-TPRTreeLoad.vcxproj", "{616992DE-7797-4566-8C0B-12AFC32BC5B5}"
	ProjectSection(ProjectDependencies) = postProject
		{2A795A94-07FC-4861-BC63-C616AAA793AE} = {2A795A94-07FC-4861-BC63-C616AAA793AE}
	EndProjectSection
EndProject
Project("{8BC9CEB8-8B4A-11D0-8D11-00A0C91BC942}") = "test-tprtree-TPRTreeQuery", "test\test-tprtree-TPRTreeQuery.vcxproj", "{B31098FF-1957-4B91-89E6-FE794909B315}"
	ProjectSection(ProjectDependencies) = postProject
		{2A795A94-07FC-4861-BC63-C616AAA793AE} = {2A795A94-07FC-4861-BC63-C616AAA793AE}
	EndProjectSection
EndProject
Global
	GlobalSection(SolutionConfigurationPlatforms) = preSolution
		vs2019_Debug|x64 = vs2019_Debug|x64
		vs2019_Debug|x86 = vs2019_Debug|x86
		vs2019_Release|x64 = vs2019_Release|x64
		vs2019_Release|x86 = vs2019_Release|x86
		vs2022_Debug|x64 = vs2022_Debug|x64
		vs2022_Debug|x86 = vs2022_Debug|x86
		vs2022_Release|x64 = vs2022_Release|x64
		vs2022_Release|x86 = vs2022_Release|x86
	EndGlobalSection
	GlobalSection(ProjectConfigurationPlatforms) = postSolution
		{2A795A94-07FC-4861-BC63-C616AAA793AE}.vs2019_Debug|x64.ActiveCfg = vs2019_Debug|x64
		{2A795A94-07FC-4861-BC63-C616AAA793AE}.vs2019_Debug|x64.Build.0 = vs2019_Debug|x64
		{2A795A94-07FC-4861-BC63-C616AAA793AE}.vs2019_Debug|x86.ActiveCfg = vs2019_Debug|Win32
		{2A795A94-07FC-4861-BC63-C616AAA793AE}.vs2019_Debug|x86.Build.0 = vs2019_Debug|Win32
		{2A795A94-07FC-4861-BC63-C616AAA793AE}.vs2019_Release|x64.ActiveCfg = vs2019_Release|x64
		{2A795A94-07FC-4861-BC63-C616AAA793AE}.vs2019_Release|x64.Build.0 = vs2019_Release|x64
		{2A795A94-07FC-4861-BC63-C616AAA793AE}.vs2019_Release|x86.ActiveCfg = vs2019_Release|Win32
		{2A795A94-07FC-4861-BC63-C616AAA793AE}.vs2019_Release|x86.Build.0 = vs2019_Release|Win32
		{2A795A94-07FC-4861-BC63-C616AAA793AE}.vs2022_Debug|x64.ActiveCfg = vs2022_Debug|x64
		{2A795A94-07FC-4861-BC63-C616AAA793AE}.vs2022_Debug|x64.Build.0 = vs2022_Debug|x64
		{2A795A94-07FC-4861-BC63-C616AAA793AE}.vs2022_Debug|x86.ActiveCfg = vs2022_Debug|Win32
		{2A795A94-07FC-4861-BC63-C616AAA793AE}.vs2022_Debug|x86.Build.0 = vs2022_Debug|Win32
		{2A795A94-07FC-4861-BC63-C616AAA793AE}.vs2022_Release|x64.ActiveCfg = vs2022_Release|x64
		{2A795A94-07FC-4861-BC63-C616AAA793AE}.vs2022_Release|x64.Build.0 = vs2022_Release|x64
		{2A795A94-07FC-4861-BC63-C616AAA793AE}.vs2022_Release|x86.ActiveCfg = vs2022_Release|Win32
		{2A795A94-07FC-4861-BC63-C616AAA793AE}.vs2022_Release|x86.Build.0 = vs2022_Release|Win32
		{7D2EFE7A-D527-46C3-9084-4293E80048BD}.vs2019_Debug|x64.ActiveCfg = vs2019_Debug|x64
		{7D2EFE7A-D527-46C3-9084-4293E80048BD}.vs2019_Debug|x64.Build.0 = vs2019_Debug|x64
		{7D2EFE7A-D527-46C3-9084-4293E80048BD}.vs2019_Debug|x86.ActiveCfg = vs2019_Debug|Win32
		{7D2EFE7A-D527-46C3-9084-4293E80048BD}.vs2019_Debug|x86.Build.0 = vs2019_Debug|Win32
		{7D2EFE7A-D527-46C3-9084-4293E80048BD}.vs2019_Release|x64.ActiveCfg = vs2019_Release|x64
		{7D2EFE7A-D527-46C3-9084-4293E80048BD}.vs2019_Release|x64.Build.0 = vs2019_Release|x64
		{7D2EFE7A-D527-46C3-9084-4293E80048BD}.vs2019_Release|x86.ActiveCfg = vs2019_Release|Win32
		{7D2EFE7A-D527-46C3-9084-4293E80048BD}.vs2019_Release|x86.Build.0 = vs2019_Release|Win32
		{7D2EFE7A-D527-46C3-9084-4293E80048BD}.vs2022_Debug|x64.ActiveCfg = vs2022_Debug|x64
		{7D2EFE7A-D527-46C3-9084-4293E80048BD}.vs2022_Debug|x64.Build.0 = vs2022_Debug|x64
		{7D2EFE7A-D527-46C3-9084-4293E80048BD}.vs2022_Debug|x86.ActiveCfg = vs2022_Debug|Win32
		{7D2EFE7A-D527-46C3-9084-4293E80048BD}.vs2022_Debug|x86.Build.0 = vs2022_Debug|Win32
		{7D2EFE7A-D527-46C3-9084-4293E80048BD}.vs2022_Release|x64.ActiveCfg = vs2022_Release|x64
		{7D2EFE7A-D527-46C3-9084-4293E80048BD}.vs2022_Release|x64.Build.0 = vs2022_Release|x64
		{7D2EFE7A-D527-46C3-9084-4293E80048BD}.vs2022_Release|x86.ActiveCfg = vs2022_Release|Win32
		{7D2EFE7A-D527-46C3-9084-4293E80048BD}.vs2022_Release|x86.Build.0 = vs2022_Release|Win32
		{5EAB6A16-82D9-4B95-BE53-A2E4C59CCEE7}.vs2019_Debug|x64.ActiveCfg = vs2019_Debug|x64
		{5EAB6A16-82D9-4B95-BE53-A2E4C59CCEE7}.vs2019_Debug|x64.Build.0 = vs2019_Debug|x64
		{5EAB6A16-82D9-4B95-BE53-A2E4C59CCEE7}.vs2019_Debug|x86.ActiveCfg = vs2019_Debug|Win32
		{5EAB6A16-82D9-4B95-BE53-A2E4C59CCEE7}.vs2019_Debug|x86.Build.0 = vs2019_Debug|Win32
		{5EAB6A16-82D9-4B95-BE53-A2E4C59CCEE7}.vs2019_Release|x64.ActiveCfg = vs2019_Release|x64
		{5EAB6A16-82D9-4B95-BE53-A2E4C59CCEE7}.vs2019_Release|x64.Build.0 = vs2019_Release|x64
		{5EAB6A16-82D9-4B95-BE53-A2E4C59CCEE7}.vs2019_Release|x86.ActiveCfg = vs2019_Release|Win32
		{5EAB6A16-82D9-4B95-BE53-A2E4C59CCEE7}.vs2019_Release|x86.Build.0 = vs2019_Release|Win32
		{5EAB6A16-82D9-4B95-BE53-A2E4C59CCEE7}.vs2022_Debug|x64.ActiveCfg = vs2022_Debug|x64
		{5EAB6A16-82D9-4B95-BE53-A2E4C59CCEE7}.vs2022_Debug|x64.Build.0 = vs2022_Debug|x64
		{5EAB6A16-82D9-4B95-BE53-A2E4C59CCEE7}.vs2022_Debug|x86.ActiveCfg = vs2022_Debug|Win32
		{5EAB6A16-82D9-4B95-BE53-A2E4C59CCEE7}.vs2022_Debug|x86.Build.0 = vs2022_Debug|Win32
		{5EAB6A16-82D9-4B95-BE53-A2E4C59CCEE7}.vs2022_Release|x64.ActiveCfg = vs2022_Release|x64
		{5EAB6A16-82D9-4B95-BE53-A2E4C59CCEE7}.vs2022_Release|x64.Build.0 = vs2022_Release|x64
		{5EAB6A16-82D9-4B95-BE53-A2E4C59CCEE7}.vs2022_Release|x86.ActiveCfg = vs2022_Release|Win32
		{5EAB6A16-82D9-4B95-BE53-A2E4C59CCEE7}.vs2022_Release|x86.Build.0 = vs2022_Release|Win32
		{6A0F4253-49BB-44F1-87A6-097588DE834C}.vs2019_Debug|x64.ActiveCfg = vs2019_Debug|x64
		{6A0F4253-49BB-44F1-87A6-097588DE834C}.vs2019_Debug|x64.Build.0 = vs2019_Debug|x64
		{6A0F4253-49BB-44F1-87A6-097588DE834C}.vs2019_Debug|x86.ActiveCfg = vs2019_Debug|Win32
		{6A0F4253-49BB-44F1-87A6-097588DE834C}.vs2019_Debug|x86.Build.0 = vs2019_Debug|Win32
		{6A0F4253-49BB-44F1-87A6-097588DE834C}.vs2019_Release|x64.ActiveCfg = vs2019_Release|x64
		{6A0F4253-49BB-44F1-87A6-097588DE834C}.vs2019_Release|x64.Build.0 = vs2019_Release|x64
		{6A0F4253-49BB-44F1-87A6-097588DE834C}.vs2019_Release|x86.ActiveCfg = vs2019_Release|Win32
		{6A0F4253-49BB-44F1-87A6-097588DE834C}.vs2019_Release|x86.Build.0 = vs2019_Release|Win32
		{6A0F4253-49BB-44F1-87A6-097588DE834C}.vs2022_Debug|x64.ActiveCfg = vs2022_Debug|x64
		{6A0F4253-49BB-44F1-87A6-097588DE834C}.vs2022_Debug|x64.Build.0 = vs2022_Debug|x64
		{6A0F4253-49BB-44F1-87A6-097588DE834C}.vs2022_Debug|x86.ActiveCfg = vs2022_Debug|Win32
		{6A0F4253-49BB-44F1-87A6-097588DE834C}.vs2022_Debug|x86.Build.0 = vs2022_Debug|Win32
		{6A0F4253-49BB-44F1-87A6-097588DE834C}.vs2022_Release|x64.ActiveCfg = vs2022_Release|x64
		{6A0F4253-49BB-44F1-87A6-097588DE834C}.vs2022_Release|x64.Build.0 = vs2022_Release|x64
		{6A0F4253-49BB-44F1-87A6-097588DE834C}.vs2022_Release|x86.ActiveCfg = vs2022_Release|Win32
		{6A0F4253-49BB-44F1-87A6-097588DE834C}.vs2022_Release|x86.Build.0 = vs2022_Release|Win32
		{8647B23D-4652-4C73-B530-0CD265BFFF05}.vs2019_Debug|x64.ActiveCfg = vs2019_Debug|x64
		{8647B23D-4652-4C73-B530-0CD265BFFF05}.vs2019_Debug|x64.Build.0 = vs2019_Debug|x64
		{8647B23D-4652-4C73-B530-0CD265BFFF05}.vs2019_Debug|x86.ActiveCfg = vs2019_Debug|Win32
		{8647B23D-4652-4C73-B530-0CD265BFFF05}.vs2019_Debug|x86.Build.0 = vs2019_Debug|Win32
		{8647B23D-4652-4C73-B530-0CD265BFFF05}.vs2019_Release|x64.ActiveCfg = vs2019_Release|x64
		{8647B23D-4652-4C73-B530-0CD265BFFF05}.vs2019_Release|x64.Build.0 = vs2019_Release|x64
		{8647B23D-4652-4C73-B530-0CD265BFFF05}.vs2019_Release|x86.ActiveCfg = vs2019_Release|Win32
		{8647B23D-4652-4C73-B530-0CD265BFFF05}.vs2019_Release|x86.Build.0 = vs2019_Release|Win32
		{8647B23D-4652-4C73-B530-0CD265BFFF05}.vs2022_Debug|x64.ActiveCfg = vs2022_Debug|x64
		{8647B23D-4652-4C73-B530-0CD265BFFF05}.vs2022_Debug|x64.Build.0 = vs2022_Debug|x64
		{8647B23D-4652-4C73-B530-0CD265BFFF05}.vs2022_Debug|x86.ActiveCfg = vs2022_Debug|Win32
		{8647B23D-4652-4C73-B530-0CD265BFFF05}.vs2022_Debug|x86.Build.0 = vs2022_Debug|Win32
		{8647B23D-4652-4C73-B530-0CD265BFFF05}.vs2022_Release|x64.ActiveCfg = vs2022_Release|x64
		{8647B23D-4652-4C73-B530-0CD265BFFF05}.vs2022_Release|x64.Build.0 = vs2022_Release|x64
		{8647B23D-4652-4C73-B530-0CD265BFFF05}.vs2022_Release|x86.ActiveCfg = vs2022_Release|Win32
		{8647B23D-4652-4C73-B530-0CD265BFFF05}.vs2022_Release|x86.Build.0 = vs2022_Release|Win32
		{A630F906-AD5C-403F-83EF-5EEF5CBC3AD4}.vs2019_Debug|x64.ActiveCfg = vs2019_Debug|x64
		{A630F906-AD5C-403F-83EF-5EEF5CBC3AD4}.vs2019_Debug|x64.Build.0 = vs2019_Debug|x64
		{A630F906-AD5C-403F-83EF-5EEF5CBC3AD4}.vs2019_Debug|x86.ActiveCfg = vs2019_Debug|Win32
		{A630F906-AD5C-403F-83EF-5EEF5CBC3AD4}.vs2019_Debug|x86.Build.0 = vs2019_Debug|Win32
		{A630F906-AD5C-403F-83EF-5EEF5CBC3AD4}.vs2019_Release|x64.ActiveCfg = vs2019_Release|x64
		{A630F906-AD5C-403F-83EF-5EEF5CBC3AD4}.vs2019_Release|x64.Build.0 = vs2019_Release|x64
		{A630F906-AD5C-403F-83EF-5EEF5CBC3AD4}.vs2019_Release|x86.ActiveCfg = vs2019_Release|Win32
		{A630F906-AD5C-403F-83EF-5EEF5CBC3AD4}.vs2019_Release|x86.Build.0 = vs2019_Release|Win32
		{A630F906-AD5C-403F-83EF-5EEF5CBC3AD4}.vs2022_Debug|x64.ActiveCfg = vs2022_Debug|x64
		{A630F906-AD5C-403F-83EF-5EEF5CBC3AD4}.vs2022_Debug|x64.Build.0 = vs2022_Debug|x64
		{A630F906-AD5C-403F-83EF-5EEF5CBC3AD4}.vs2022_Debug|x86.ActiveCfg = vs2022_Debug|Win32
		{A630F906-AD5C-403F-83EF-5EEF5CBC3AD4}.vs2022_Debug|x86.Build.0 = vs2022_Debug|Win32
		{A630F906-AD5C-403F-83EF-5EEF5CBC3AD4}.vs2022_Release|x64.ActiveCfg = vs2022_Release|x64
		{A630F906-AD5C-403F-83EF-5EEF5CBC3AD4}.vs2022_Release|x64.Build.0 = vs2022_Release|x64
		{A630F906-AD5C-403F-83EF-5EEF5CBC3AD4}.vs2022_Release|x86.ActiveCfg = vs2022_Release|Win32
		{A630F906-AD5C-403F-83EF-5EEF5CBC3AD4}.vs2022_Release|x86.Build.0 = vs2022_Release|Win32
		{B327A29C-AE96-430E-92B6-829D874C2224}.vs2019_Debug|x64.ActiveCfg = vs2019_Debug|x64
		{B327A29C-AE96-430E-92B6-829D874C2224}.vs2019_Debug|x64.Build.0 = vs2019_Debug|x64
		{B327A29C-AE96-430E-92B6-829D874C2224}.vs2019_Debug|x86.ActiveCfg = vs2019_Debug|Win32
		{B327A29C-AE96-430E-92B6-829D874C2224}.vs2019_Debug|x86.Build.0 = vs2019_Debug|Win32
		{B327A29C-AE96-430E-92B6-829D874C2224}.vs2019_Release|x64.ActiveCfg = vs2019_Release|x64
		{B327A29C-AE96-430E-92B6-829D874C2224}.vs2019_Release|x64.Build.0 = vs2019_Release|x64
		{B327A29C-AE96-430E-92B6-829D874C2224}.vs2019_Release|x86.ActiveCfg = vs2019_Release|Win32
		{B327A29C-AE96-430E-92B6-829D874C2224}.vs2019_Release|x86.Build.0 = vs2019_Release|Win32
		{B327A29C-AE96-430E-92B6-829D874C2224}.vs2022_Debug|x64.ActiveCfg = vs2022_Debug|x64
		{B327A29C-AE96-430E-92B6-829D874C2224}.vs2022_Debug|x64.Build.0 = vs2022_Debug|x64
		{B327A29C-AE96-430E-92B6-829D874C2224}.vs2022_Debug|x86.ActiveCfg = vs2022_Debug|Win32
		{B327A29C-AE96-430E-92B6-829D874C2224}.vs2022_Debug|x86.Build.0 = vs2022_Debug|Win32
		{B327A29C-AE96-430E-92B6-829D874C2224}.vs2022_Release|x64.ActiveCfg = vs2022_Release|x64
		{B327A29C-AE96-430E-92B6-829D874C2224}.vs2022_Release|x64.Build.0 = vs2022_Release|x64
		{B327A29C-AE96-430E-92B6-829D874C2224}.vs2022_Release|x86.ActiveCfg = vs2022_Release|Win32
		{B327A29C-AE96-430E-92B6-829D874C2224}.vs2022_Release|x86.Build.0 = vs2022_Release|Win32
		{5880FC09-EBEA-4CB1-971F-B9D405B1182E}.vs2019_Debug|x64.ActiveCfg = vs2019_Debug|x64
		{5880FC09-EBEA-4CB1-971F-B9D405B1182E}.vs2019_Debug|x64.Build.0 = vs2019_Debug|x64
		{5880FC09-EBEA-4CB1-971F-B9D405B1182E}.vs2019_Debug|x86.ActiveCfg = vs2019_Debug|Win32
		{5880FC09-EBEA-4CB1-971F-B9D405B1182E}.vs2019_Debug|x86.Build.0 = vs2019_Debug|Win32
		{5880FC09-EBEA-4CB1-971F-B9D405B1182E}.vs2019_Release|x64.ActiveCfg = vs2019_Release|x64
		{5880FC09-EBEA-4CB1-971F-B9D405B1182E}.vs2019_Release|x64.Build.0 = vs2019_Release|x64
		{5880FC09-EBEA-4CB1-971F-B9D405B1182E}.vs2019_Release|x86.ActiveCfg = vs2019_Release|Win32
		{5880FC09-EBEA-4CB1-971F-B9D405B1182E}.vs2019_Release|x86.Build.0 = vs2019_Release|Win32
		{5880FC09-EBEA-4CB1-971F-B9D405B1182E}.vs2022_Debug|x64.ActiveCfg = vs2022_Debug|x64
		{5880FC09-EBEA-4CB1-971F-B9D405B1182E}.vs2022_Debug|x64.Build.0 = vs2022_Debug|x64
		{5880FC09-EBEA-4CB1-971F-B9D405B1182E}.vs2022_Debug|x86.ActiveCfg = vs2022_Debug|Win32
		{5880FC09-EBEA-4CB1-971F-B9D405B1182E}.vs2022_Debug|x86.Build.0 = vs2022_Debug|Win32
		{5880FC09-EBEA-4CB1-971F-B9D405B1182E}.vs2022_Release|x64.ActiveCfg = vs2022_Release|x64
		{5880FC09-EBEA-4CB1-971F-B9D405B1182E}.vs2022_Release|x64.Build.0 = vs2022_Release|x64
		{5880FC09-EBEA-4CB1-971F-B9D405B1182E}.vs2022_Release|x86.ActiveCfg = vs2022_Release|Win32
		{5880FC09-EBEA-4CB1-971F-B9D405B1182E}.vs2022_Release|x86.Build.0 = vs2022_Release|Win32
		{1E780239-7660-40A3-9127-F64AEF8F652A}.vs2019_Debug|x64.ActiveCfg = vs2019_Debug|x64
		{1E780239-7660-40A3-9127-F64AEF8F652A}.vs2019_Debug|x64.Build.0 = vs2019_Debug|x64
		{1E780239-7660-40A3-9127-F64AEF8F652A}.vs2019_Debug|x86.ActiveCfg = vs2019_Debug|Win32
		{1E780239-7660-40A3-9127-F64AEF8F652A}.vs2019_Debug|x86.Build.0 = vs2019_Debug|Win32
		{1E780239-7660-40A3-9127-F64AEF8F652A}.vs2019_Release|x64.ActiveCfg = vs2019_Release|x64
		{1E780239-7660-40A3-9127-F64AEF8F652A}.vs2019_Release|x64.Build.0 = vs2019_Release|x64
		{1E780239-7660-40A3-9127-F64AEF8F652A}.vs2019_Release|x86.ActiveCfg = vs2019_Release|Win32
		{1E780239-7660-40A3-9127-F64AEF8F652A}.vs2019_Release|x86.Build.0 = vs2019_Release|Win32
		{1E780239-7660-40A3-9127-F64AEF8F652A}.vs2022_Debug|x64.ActiveCfg = vs2022_Debug|x64
		{1E780239-7660-40A3-9127-F64AEF8F652A}.vs2022_Debug|x64.Build.0 = vs2022_Debug|x64
		{1E780239-7660-40A3-9127-F64AEF8F652A}.vs2022_Debug|x86.ActiveCfg = vs2022_Debug|Win32
		{1E780239-7660-40A3-9127-F64AEF8F652A}.vs2022_Debug|x86.Build.0 = vs2022_Debug|Win32
		{1E780239-7660-40A3-9127-F64AEF8F652A}.vs2022_Release|x64.ActiveCfg = vs2022_Release|x64
		{1E780239-7660-40A3-9127-F64AEF8F652A}.vs2022_Release|x64.Build.0 = vs2022_Release|x64
		{1E780239-7660-40A3-9127-F64AEF8F652A}.vs2022_Release|x86.ActiveCfg = vs2022_Release|Win32
		{1E780239-7660-40A3-9127-F64AEF8F652A}.vs2022_Release|x86.Build.0 = vs2022_Release|Win32
		{6CD47D3A-0CA9-4EF2-9FAB-D83533F5E1CE}.vs2019_Debug|x64.ActiveCfg = vs2019_Debug|x64
		{6CD47D3A-0CA9-4EF2-9FAB-D83533F5E1CE}.vs2019_Debug|x64.Build.0 = vs2019_Debug|x64
		{6CD47D3A-0CA9-4EF2-9FAB-D83533F5E1CE}.vs2019_Debug|x86.ActiveCfg = vs2019_Debug|Win32
		{6CD47D3A-0CA9-4EF2-9FAB-D83533F5E1CE}.vs2019_Debug|x86.Build.0 = vs2019_Debug|Win32
		{6CD47D3A-0CA9-4EF2-9FAB-D83533F5E1CE}.vs2019_Release|x64.ActiveCfg = vs2019_Release|x64
		{6CD47D3A-0CA9-4EF2-9FAB-D83533F5E1CE}.vs2019_Release|x64.Build.0 = vs2019_Release|x64
		{6CD47D3A-0CA9-4EF2-9FAB-D83533F5E1CE}.vs2019_Release|x86.ActiveCfg = vs2019_Release|Win32
		{6CD47D3A-0CA9-4EF2-9FAB-D83533F5E1CE}.vs2019_Release|x86.Build.0 = vs2019_Release|Win32
		{6CD47D3A-0CA9-4EF2-9FAB-D83533F5E1CE}.vs2022_Debug|x64.ActiveCfg = vs2022_Debug|x64
		{6CD47D3A-0CA9-4EF2-9FAB-D83533F5E1CE}.vs2022_Debug|x64.Build.0 = vs2022_Debug|x64
		{6CD47D3A-0CA9-4EF2-9FAB-D83533F5E1CE}.vs2022_Debug|x86.ActiveCfg = vs2022_Debug|Win32
		{6CD47D3A-0CA9-4EF2-9FAB-D83533F5E1CE}.vs2022_Debug|x86.Build.0 = vs2022_Debug|Win32
		{6CD47D3A-0CA9-4EF2-9FAB-D83533F5E1CE}.vs2022_Release|x64.ActiveCfg = vs2022_Release|x64
		{6CD47D3A-0CA9-4EF2-9FAB-D83533F5E1CE}.vs2022_Release|x64.Build.0 = vs2022_Release|x64
		{6CD47D3A-0CA9-4EF2-9FAB-D83533F5E1CE}.vs2022_Release|x86.ActiveCfg = vs2022_Release|Win32
		{6CD47D3A-0CA9-4EF2-9FAB-D83533F5E1CE}.vs2022_Release|x86.Build.0 = vs2022_Release|Win32
		{C84C283D-6670-43FC-933B-BF6017B7ADB7}.vs2019_Debug|x64.ActiveCfg = vs2019_Debug|x64
		{C84C283D-6670-43FC-933B-BF6017B7ADB7}.vs2019_Debug|x64.Build.0 = vs2019_Debug|x64
		{C84C283D-6670-43FC-933B-BF6017B7ADB7}.vs2019_Debug|x86.ActiveCfg = vs2019_Debug|Win32
		{C84C283D-6670-43FC-933B-BF6017B7ADB7}.vs2019_Debug|x86.Build.0 = vs2019_Debug|Win32
		{C84C283D-6670-43FC-933B-BF6017B7ADB7}.vs2019_Release|x64.ActiveCfg = vs2019_Release|x64
		{C84C283D-6670-43FC-933B-BF6017B7ADB7}.vs2019_Release|x64.Build.0 = vs2019_Release|x64
		{C84C283D-6670-43FC-933B-BF6017B7ADB7}.vs2019_Release|x86.ActiveCfg = vs2019_Release|Win32
		{C84C283D-6670-43FC-933B-BF6017B7ADB7}.vs2019_Release|x86.Build.0 = vs2019_Release|Win32
		{C84C283D-6670-43FC-933B-BF6017B7ADB7}.vs2022_Debug|x64.ActiveCfg = vs2022_Debug|x64
		{C84C283D-6670-43FC-933B-BF6017B7ADB7}.vs2022_Debug|x64.Build.0 = vs2022_Debug|x64
		{C84C283D-6670-43FC-933B-BF6017B7ADB7}.vs2022_Debug|x86.ActiveCfg = vs2022_Debug|Win32
		{C84C283D-6670-43FC-933B-BF6017B7ADB7}.vs2022_Debug|x86.Build.0 = vs2022_Debug|Win32
		{C84C283D-6670-43FC-933B-BF6017B7ADB7}.vs2022_Release|x64.ActiveCfg = vs2022_Release|x64
		{C84C283D-6670-43FC-933B-BF6017B7ADB7}.vs2022_Release|x64.Build.0 = vs2022_Release|x64
		{C84C283D-6670-43FC-933B-BF6017B7ADB7}.vs2022_Release|x86.ActiveCfg = vs2022_Release|Win32
		{C84C283D-6670-43FC-933B-BF6017B7ADB7}.vs2022_Release|x86.Build.0 = vs2022_Release|Win32
		{053BD83D-8D33-46E4-8BA0-156C09622BF6}.vs2019_Debug|x64.ActiveCfg = vs2019_Debug|x64
		{053BD83D-8D33-46E4-8BA0-156C09622BF6}.vs2019_Debug|x64.Build.0 = vs2019_Debug|x64
		{053BD83D-8D33-46E4-8BA0-156C09622BF6}.vs2019_Debug|x86.ActiveCfg = vs2019_Debug|Win32
		{053BD83D-8D33-46E4-8BA0-156C09622BF6}.vs2019_Debug|x86.Build.0 = vs2019_Debug|Win32
		{053BD83D-8D33-46E4-8BA0-156C09622BF6}.vs2019_Release|x64.ActiveCfg = vs2019_Release|x64
		{053BD83D-8D33-46E4-8BA0-156C09622BF6}.vs2019_Release|x64.Build.0 = vs2019_Release|x64
		{053BD83D-8D33-46E4-8BA0-156C09622BF6}.vs2019_Release|x86.ActiveCfg = vs2019_Release|Win32
		{053BD83D-8D33-46E4-8BA0-156C09622BF6}.vs2019_Release|x86.Build.0 = vs2019_Release|Win32
		{053BD83D-8D33-46E4-8BA0-156C09622BF6}.vs2022_Debug|x64.ActiveCfg = vs2022_Debug|x64
		{053BD83D-8D33-46E4-8BA0-156C09622BF6}.vs2022_Debug|x64.Build.0 = vs2022_Debug|x64
		{053BD83D-8D33-46E4-8BA0-156C09622BF6}.vs2022_Debug|x86.ActiveCfg = vs2022_Debug|Win32
		{053BD83D-8D33-46E4-8BA0-156C09622BF6}.vs2022_Debug|x86.Build.0 = vs2022_Debug|Win32
		{053BD83D-8D33-46E4-8BA0-156C09622BF6}.vs2022_Release|x64.ActiveCfg = vs2022_Release|x64
		{053BD83D-8D33-46E4-8BA0-156C09622BF6}.vs2022_Release|x64.Build.0 = vs2022_Release|x64
		{053BD83D-8D33-46E4-8BA0-156C09622BF6}.vs2022_Release|x86.ActiveCfg = vs2022_Release|Win32
		{053BD83D-8D33-46E4-8BA0-156C09622BF6}.vs2022_Release|x86.Build.0 = vs2022_Release|Win32
		{B22D937E-86AC-4529-BBCE-175247CEE1EA}.vs2019_Debug|x64.ActiveCfg = vs2019_Debug|x64
		{B22D937E-86AC-4529-BBCE-175247CEE1EA}.vs2019_Debug|x64.Build.0 = vs2019_Debug|x64
		{B22D937E-86AC-4529-BBCE-175247CEE1EA}.vs2019_Debug|x86.ActiveCfg = vs2019_Debug|Win32
		{B22D937E-86AC-4529-BBCE-175247CEE1EA}.vs2019_Debug|x86.Build.0 = vs2019_Debug|Win32
		{B22D937E-86AC-4529-BBCE-175247CEE1EA}.vs2019_Release|x64.ActiveCfg = vs2019_Release|x64
		{B22D937E-86AC-4529-BBCE-175247CEE1EA}.vs2019_Release|x64.Build.0 = vs2019_Release|x64
		{B22D937E-86AC-4529-BBCE-175247CEE1EA}.vs2019_Release|x86.ActiveCfg = vs2019_Release|Win32
		{B22D937E-86AC-4529-BBCE-175247CEE1EA}.vs2019_Release|x86.Build.0 = vs2019_Release|Win32
		{B22D937E-86AC-4529-BBCE-175247CEE1EA}.vs2022_Debug|x64.ActiveCfg = vs2022_Debug|x64
		{B22D937E-86AC-4529-BBCE-175247CEE1EA}.vs2022_Debug|x64.Build.0 = vs2022_Debug|x64
		{B22D937E-86AC-4529-BBCE-175247CEE1EA}.vs2022_Debug|x86.ActiveCfg = vs2022_Debug|Win32
		{B22D937E-86AC-4529-BBCE-175247CEE1EA}.vs2022_Debug|x86.Build.0 = vs2022_Debug|Win32
		{B22D937E-86AC-4529-BBCE-175247CEE1EA}.vs2022_Release|x64.ActiveCfg = vs2022_Release|x64
		{B22D937E-86AC-4529-BBCE-175247CEE1EA}.vs2022_Release|x64.Build.0 = vs2022_Release|x64
		{B22D937E-86AC-4529-BBCE-175247CEE1EA}.vs2022_Release|x86.ActiveCfg = vs2022_Release|Win32
		{B22D937E-86AC-4529-BBCE-175247CEE1EA}.vs2022_Release|x86.Build.0 = vs2022_Release|Win32
		{9B972FDE-3CD9-44B8-AB22-EB43C9827872}.vs2019_Debug|x64.ActiveCfg = vs2019_Debug|x64
		{9B972FDE-3CD9-44B8-AB22-EB43C9827872}.vs2019_Debug|x64.Build.0 = vs2019_Debug|x64
		{9B972FDE-3CD9-44B8-AB22-EB43C9827872}.vs2019_Debug|x86.ActiveCfg = vs2019_Debug|Win32
		{9B972FDE-3CD9-44B8-AB22-EB43C9827872}.vs2019_Debug|x86.Build.0 = vs2019_Debug|Win32
		{9B972FDE-3CD9-44B8-AB22-EB43C9827872}.vs2019_Release|x64.ActiveCfg = vs2019_Release|x64
		{9B972FDE-3CD9-44B8-AB22-EB43C9827872}.vs2019_Release|x64.Build.0 = vs2019_Release|x64
		{9B972FDE-3CD9-44B8-AB22-EB43C9827872}.vs2019_Release|x86.ActiveCfg = vs2019_Release|Win32
		{9B972FDE-3CD9-44B8-AB22-EB43C9827872}.vs2019_Release|x86.Build.0 = vs2019_Release|Win32
		{9B972FDE-3CD9-44B8-AB22-EB43C9827872}.vs2022_Debug|x64.ActiveCfg = vs2022_Debug|x64
		{9B972FDE-3CD9-44B8-AB22-EB43C9827872}.vs2022_Debug|x64.Build.0 = vs2022_Debug|x64
		{9B972FDE-3CD9-44B8-AB22-EB43C9827872}.vs2022_Debug|x86.ActiveCfg = vs2022_Debug|Win32
		{9B972FDE-3CD9-44B8-AB22-EB43C9827872}.vs2022_Debug|x86.Build.0 = vs2022_Debug|Win32
		{9B972FDE-3CD9-44B8-AB22-EB43C9827872}.vs2022_Release|x64.ActiveCfg = vs2022_Release|x64
		{9B972FDE-3CD9-44B8-AB22-EB43C9827872}.vs2022_Release|x64.Build.0 = vs2022_Release|x64
		{9B972FDE-3CD9-44B8-AB22-EB43C9827872}.vs2022_Release|x86.ActiveCfg = vs2022_Release|Win32
		{9B972FDE-3CD9-44B8-AB22-EB43C9827872}.vs2022_Release|x86.Build.0 = vs2022_Release|Win32
		{616992DE-7797-4566-8C0B-12AFC32BC5B5}.vs2019_Debug|x64.ActiveCfg = vs2019_Debug|x64
		{616992DE-7797-4566-8C0B-12AFC32BC5B5}.vs2019_Debug|x64.Build.0 = vs2019_Debug|x64
		{616992DE-7797-4566-8C0B-12AFC32BC5B5}.vs2019_Debug|x86.ActiveCfg = vs2019_Debug|Win32
		{616992DE-7797-4566-8C0B-12AFC32BC5B5}.vs2019_Debug|x86.Build.0 = vs2019_Debug|Win32
		{616992DE-7797-4566-8C0B-12AFC32BC5B5}.vs2019_Release|x64.ActiveCfg = vs2019_Release|x64
		{616992DE-7797-4566-8C0B-12AFC32BC5B5}.vs2019_Release|x64.Build.0 = vs2019_Release|x64
		{616992DE-7797-4566-8C0B-12AFC32BC5B5}.vs2019_Release|x86.ActiveCfg = vs2019_Release|Win32
		{616992DE-7797-4566-8C0B-12AFC32BC5B5}.vs2019_Release|x86.Build.0 = vs2019_Release|Win32
		{616992DE-7797-4566-8C0B-12AFC32BC5B5}.vs2022_Debug|x64.ActiveCfg = vs2022_Debug|x64
		{616992DE-7797-4566-8C0B-12AFC32BC5B5}.vs2022_Debug|x64.Build.0 = vs2022_Debug|x64
		{616992DE-7797-4566-8C0B-12AFC32BC5B5}.vs2022_Debug|x86.ActiveCfg = vs2022_Debug|Win32
		{616992DE-7797-4566-8C0B-12AFC32BC5B5}.vs2022_Debug|x86.Build.0 = vs2022_Debug|Win32
		{616992DE-7797-4566-8C0B-12AFC32BC5B5}.vs2022_Release|x64.ActiveCfg = vs2022_Release|x64
		{616992DE-7797-4566-8C0B-12AFC32BC5B5}.vs2022_Release|x64.Build.0 = vs2022_Release|x64
		{616992DE-7797-4566-8C0B-12AFC32BC5B5}.vs2022_Release|x86.ActiveCfg = vs2022_Release|Win32
		{616992DE-7797-4566-8C0B-12AFC32BC5B5}.vs2022_Release|x86.Build.0 = vs2022_Release|Win32
		{B31098FF-1957-4B91-89E6-FE794909B315}.vs2019_Debug|x64.ActiveCfg = vs2019_Debug|x64
		{B31098FF-1957-4B91-89E6-FE794909B315}.vs2019_Debug|x64.Build.0 = vs2019_Debug|x64
		{B31098FF-1957-4B91-89E6-FE794909B315}.vs2019_Debug|x86.ActiveCfg = vs2019_Debug|Win32
		{B31098FF-1957-4B91-89E6-FE794909B315}.vs2019_Debug|x86.Build.0 = vs2019_Debug|Win32
		{B31098FF-1957-4B91-89E6-FE794909B315}.vs2019_Release|x64.ActiveCfg = vs2019_Release|x64
		{B31098FF-1957-4B91-89E6-FE794909B315}.vs2019_Release|x64.Build.0 = vs2019_Release|x64
		{B31098FF-1957-4B91-89E6-FE794909B315}.vs2019_Release|x86.ActiveCfg = vs2019_Release|Win32
		{B31098FF-1957-4B91-89E6-FE794909B315}.vs2019_Release|x86.Build.0 = vs2019_Release|Win32
		{B31098FF-1957-4B91-89E6-FE794909B315}.vs2022_Debug|x64.ActiveCfg = vs2022_Debug|x64
		{B31098FF-1957-4B91-89E6-FE794909B315}.vs2022_Debug|x64.Build.0 = vs2022_Debug|x64
		{B31098FF-1957-4B91-89E6-FE794909B315}.vs2022_Debug|x86.ActiveCfg = vs2022_Debug|Win32
		{B31098FF-1957-4B91-89E6-FE794909B315}.vs2022_Debug|x86.Build.0 = vs2022_Debug|Win32
		{B31098FF-1957-4B91-89E6-FE794909B315}.vs2022_Release|x64.ActiveCfg = vs2022_Release|x64
		{B31098FF-1957-4B91-89E6-FE794909B315}.vs2022_Release|x64.Build.0 = vs2022_Release|x64
		{B31098FF-1957-4B91-89E6-FE794909B315}.vs2022_Release|x86.ActiveCfg = vs2022_Release|Win32
		{B31098FF-1957-4B91-89E6-FE794909B315}.vs2022_Release|x86.Build.0 = vs2022_Release|Win32
	EndGlobalSection
	GlobalSection(SolutionProperties) = preSolution
		HideSolutionNode = FALSE
	EndGlobalSection
	GlobalSection(ExtensibilityGlobals) = postSolution
		SolutionGuid = {6ABF8385-759B-4971-8B3E-ECBC09260753}
	EndGlobalSection
EndGlobal
