<?xml version="1.0" encoding="utf-8"?>
<Project ToolsVersion="4.0" xmlns="http://schemas.microsoft.com/developer/msbuild/2003">
  <ItemGroup>
    <ClCompile Include="..\..\src\capi\BoundsQuery.cc">
      <Filter>C API Source Files</Filter>
    </ClCompile>
    <ClCompile Include="..\..\src\capi\CountVisitor.cc">
      <Filter>C API Source Files</Filter>
    </ClCompile>
    <ClCompile Include="..\..\src\capi\CustomStorage.cc">
      <Filter>C API Source Files</Filter>
    </ClCompile>
    <ClCompile Include="..\..\src\capi\DataStream.cc">
      <Filter>C API Source Files</Filter>
    </ClCompile>
    <ClCompile Include="..\..\src\capi\Error.cc">
      <Filter>C API Source Files</Filter>
    </ClCompile>
    <ClCompile Include="..\..\src\capi\IdVisitor.cc">
      <Filter>C API Source Files</Filter>
    </ClCompile>
    <ClCompile Include="..\..\src\capi\Index.cc">
      <Filter>C API Source Files</Filter>
    </ClCompile>
    <ClCompile Include="..\..\src\capi\LeafQuery.cc">
      <Filter>C API Source Files</Filter>
    </ClCompile>
    <ClCompile Include="..\..\src\capi\ObjVisitor.cc">
      <Filter>C API Source Files</Filter>
    </ClCompile>
    <ClCompile Include="..\..\src\capi\sidx_api.cc">
      <Filter>C API Source Files</Filter>
    </ClCompile>
    <ClCompile Include="..\..\src\capi\Utility.cc">
      <Filter>C API Source Files</Filter>
    </ClCompile>
  </ItemGroup>
  <ItemGroup>
    <Filter Include="CMake Files">
      <UniqueIdentifier>{B74594E4-32CA-4D9F-B1B1-9B62CCB9C4AB}</UniqueIdentifier>
    </Filter>
    <Filter Include="C API Source Files">
      <UniqueIdentifier>{EB3831DC-8BCE-4527-A888-0D5EFB90C28B}</UniqueIdentifier>
    </Filter>
  </ItemGroup>
</Project>