<?xml version="1.0" encoding="utf-8"?>
<Project ToolsVersion="4.0" xmlns="http://schemas.microsoft.com/developer/msbuild/2003">
  <ItemGroup>
    <ClCompile Include="..\..\src\spatialindex\LineSegment.cc">
      <Filter>Source Files</Filter>
    </ClCompile>
    <ClCompile Include="..\..\src\spatialindex\MovingPoint.cc">
      <Filter>Source Files</Filter>
    </ClCompile>
    <ClCompile Include="..\..\src\spatialindex\MovingRegion.cc">
      <Filter>Source Files</Filter>
    </ClCompile>
    <ClCompile Include="..\..\src\spatialindex\Point.cc">
      <Filter>Source Files</Filter>
    </ClCompile>
    <ClCompile Include="..\..\src\spatialindex\Region.cc">
      <Filter>Source Files</Filter>
    </ClCompile>
    <ClCompile Include="..\..\src\spatialindex\SpatialIndexImpl.cc">
      <Filter>Source Files</Filter>
    </ClCompile>
    <ClCompile Include="..\..\src\spatialindex\TimePoint.cc">
      <Filter>Source Files</Filter>
    </ClCompile>
    <ClCompile Include="..\..\src\spatialindex\TimeRegion.cc">
      <Filter>Source Files</Filter>
    </ClCompile>
    <ClCompile Include="..\..\src\mvrtree\Index.cc">
      <Filter>Source Files</Filter>
    </ClCompile>
    <ClCompile Include="..\..\src\mvrtree\Leaf.cc">
      <Filter>Source Files</Filter>
    </ClCompile>
    <ClCompile Include="..\..\src\mvrtree\MVRTree.cc">
      <Filter>Source Files</Filter>
    </ClCompile>
    <ClCompile Include="..\..\src\mvrtree\Node.cc">
      <Filter>Source Files</Filter>
    </ClCompile>
    <ClCompile Include="..\..\src\mvrtree\Statistics.cc">
      <Filter>Source Files</Filter>
    </ClCompile>
    <ClCompile Include="..\..\src\rtree\BulkLoader.cc">
      <Filter>Source Files</Filter>
    </ClCompile>
    <ClCompile Include="..\..\src\rtree\Index.cc">
      <Filter>Source Files</Filter>
    </ClCompile>
    <ClCompile Include="..\..\src\rtree\Leaf.cc">
      <Filter>Source Files</Filter>
    </ClCompile>
    <ClCompile Include="..\..\src\rtree\Node.cc">
      <Filter>Source Files</Filter>
    </ClCompile>
    <ClCompile Include="..\..\src\rtree\RTree.cc">
      <Filter>Source Files</Filter>
    </ClCompile>
    <ClCompile Include="..\..\src\rtree\Statistics.cc">
      <Filter>Source Files</Filter>
    </ClCompile>
    <ClCompile Include="..\..\src\storagemanager\Buffer.cc">
      <Filter>Source Files</Filter>
    </ClCompile>
    <ClCompile Include="..\..\src\storagemanager\DiskStorageManager.cc">
      <Filter>Source Files</Filter>
    </ClCompile>
    <ClCompile Include="..\..\src\storagemanager\MemoryStorageManager.cc">
      <Filter>Source Files</Filter>
    </ClCompile>
    <ClCompile Include="..\..\src\storagemanager\RandomEvictionsBuffer.cc">
      <Filter>Source Files</Filter>
    </ClCompile>
    <ClCompile Include="..\..\src\tools\rand48.cc">
      <Filter>Source Files</Filter>
    </ClCompile>
    <ClCompile Include="..\..\src\tools\Tools.cc">
      <Filter>Source Files</Filter>
    </ClCompile>
    <ClCompile Include="..\..\src\tprtree\Index.cc">
      <Filter>Source Files</Filter>
    </ClCompile>
    <ClCompile Include="..\..\src\tprtree\Leaf.cc">
      <Filter>Source Files</Filter>
    </ClCompile>
    <ClCompile Include="..\..\src\tprtree\Node.cc">
      <Filter>Source Files</Filter>
    </ClCompile>
    <ClCompile Include="..\..\src\tprtree\Statistics.cc">
      <Filter>Source Files</Filter>
    </ClCompile>
    <ClCompile Include="..\..\src\tprtree\TPRTree.cc">
      <Filter>Source Files</Filter>
    </ClCompile>
  </ItemGroup>
  <ItemGroup>
    <ClInclude Include="..\..\include\spatialindex\LineSegment.h">
      <Filter>Header Files</Filter>
    </ClInclude>
    <ClInclude Include="..\..\include\spatialindex\MovingPoint.h">
      <Filter>Header Files</Filter>
    </ClInclude>
    <ClInclude Include="..\..\include\spatialindex\MVRTree.h">
      <Filter>Header Files</Filter>
    </ClInclude>
    <ClInclude Include="..\..\include\spatialindex\Point.h">
      <Filter>Header Files</Filter>
    </ClInclude>
    <ClInclude Include="..\..\include\spatialindex\Region.h">
      <Filter>Header Files</Filter>
    </ClInclude>
    <ClInclude Include="..\..\include\spatialindex\RTree.h">
      <Filter>Header Files</Filter>
    </ClInclude>
    <ClInclude Include="..\..\include\spatialindex\SpatialIndex.h">
      <Filter>Header Files</Filter>
    </ClInclude>
    <ClInclude Include="..\..\include\spatialindex\TimePoint.h">
      <Filter>Header Files</Filter>
    </ClInclude>
    <ClInclude Include="..\..\include\spatialindex\TimeRegion.h">
      <Filter>Header Files</Filter>
    </ClInclude>
    <ClInclude Include="..\..\include\spatialindex\TPRTree.h">
      <Filter>Header Files</Filter>
    </ClInclude>
    <ClInclude Include="..\..\include\spatialindex\Version.h">
      <Filter>Header Files</Filter>
    </ClInclude>
    <ClInclude Include="..\..\include\spatialindex\capi\BoundsQuery.h">
      <Filter>C API Header Files</Filter>
    </ClInclude>
    <ClInclude Include="..\..\include\spatialindex\capi\CountVisitor.h">
      <Filter>C API Header Files</Filter>
    </ClInclude>
    <ClInclude Include="..\..\include\spatialindex\capi\CustomStorage.h">
      <Filter>C API Header Files</Filter>
    </ClInclude>
    <ClInclude Include="..\..\include\spatialindex\capi\DataStream.h">
      <Filter>C API Header Files</Filter>
    </ClInclude>
    <ClInclude Include="..\..\include\spatialindex\capi\Error.h">
      <Filter>C API Header Files</Filter>
    </ClInclude>
    <ClInclude Include="..\..\include\spatialindex\capi\IdVisitor.h">
      <Filter>C API Header Files</Filter>
    </ClInclude>
    <ClInclude Include="..\..\include\spatialindex\capi\Index.h">
      <Filter>C API Header Files</Filter>
    </ClInclude>
    <ClInclude Include="..\..\include\spatialindex\capi\LeafQuery.h">
      <Filter>C API Header Files</Filter>
    </ClInclude>
    <ClInclude Include="..\..\include\spatialindex\capi\ObjVisitor.h">
      <Filter>C API Header Files</Filter>
    </ClInclude>
    <ClInclude Include="..\..\include\spatialindex\capi\sidx_api.h">
      <Filter>C API Header Files</Filter>
    </ClInclude>
    <ClInclude Include="..\..\include\spatialindex\capi\sidx_config.h">
      <Filter>C API Header Files</Filter>
    </ClInclude>
    <ClInclude Include="..\..\include\spatialindex\capi\sidx_impl.h">
      <Filter>C API Header Files</Filter>
    </ClInclude>
    <ClInclude Include="..\..\include\spatialindex\capi\Utility.h">
      <Filter>C API Header Files</Filter>
    </ClInclude>
    <ClInclude Include="..\..\src\mvrtree\Index.h">
      <Filter>Header Files</Filter>
    </ClInclude>
    <ClInclude Include="..\..\src\mvrtree\Leaf.h">
      <Filter>Header Files</Filter>
    </ClInclude>
    <ClInclude Include="..\..\src\mvrtree\MVRTree.h">
      <Filter>Header Files</Filter>
    </ClInclude>
    <ClInclude Include="..\..\src\mvrtree\Node.h">
      <Filter>Header Files</Filter>
    </ClInclude>
    <ClInclude Include="..\..\src\mvrtree\PointerPoolNode.h">
      <Filter>Header Files</Filter>
    </ClInclude>
    <ClInclude Include="..\..\src\mvrtree\Statistics.h">
      <Filter>Header Files</Filter>
    </ClInclude>
    <ClInclude Include="..\..\src\rtree\BulkLoader.h">
      <Filter>Header Files</Filter>
    </ClInclude>
    <ClInclude Include="..\..\src\rtree\Index.h">
      <Filter>Header Files</Filter>
    </ClInclude>
    <ClInclude Include="..\..\src\rtree\Leaf.h">
      <Filter>Header Files</Filter>
    </ClInclude>
    <ClInclude Include="..\..\src\rtree\Node.h">
      <Filter>Header Files</Filter>
    </ClInclude>
    <ClInclude Include="..\..\src\rtree\PointerPoolNode.h">
      <Filter>Header Files</Filter>
    </ClInclude>
    <ClInclude Include="..\..\src\rtree\RTree.h">
      <Filter>Header Files</Filter>
    </ClInclude>
    <ClInclude Include="..\..\src\rtree\Statistics.h">
      <Filter>Header Files</Filter>
    </ClInclude>
    <ClInclude Include="..\..\src\storagemanager\DiskStorageManager.h">
      <Filter>Header Files</Filter>
    </ClInclude>
    <ClInclude Include="..\..\src\storagemanager\MemoryStorageManager.h">
      <Filter>Header Files</Filter>
    </ClInclude>
    <ClInclude Include="..\..\src\storagemanager\RandomEvictionsBuffer.h">
      <Filter>Header Files</Filter>
    </ClInclude>
    <ClInclude Include="..\..\src\tprtree\Index.h">
      <Filter>Header Files</Filter>
    </ClInclude>
    <ClInclude Include="..\..\src\tprtree\Leaf.h">
      <Filter>Header Files</Filter>
    </ClInclude>
    <ClInclude Include="..\..\src\tprtree\Node.h">
      <Filter>Header Files</Filter>
    </ClInclude>
    <ClInclude Include="..\..\src\tprtree\PointerPoolNode.h">
      <Filter>Header Files</Filter>
    </ClInclude>
    <ClInclude Include="..\..\src\tprtree\Statistics.h">
      <Filter>Header Files</Filter>
    </ClInclude>
    <ClInclude Include="..\..\src\tprtree\TPRTree.h">
      <Filter>Header Files</Filter>
    </ClInclude>
  </ItemGroup>
  <ItemGroup>
    <Filter Include="Source Files">
      <UniqueIdentifier>{729BAA89-C238-42BD-9EF5-1FC0873C1F12}</UniqueIdentifier>
    </Filter>
    <Filter Include="Header Files">
      <UniqueIdentifier>{2DF10DBA-FFD7-4E93-A742-895D261BD520}</UniqueIdentifier>
    </Filter>
    <Filter Include="CMake Files">
      <UniqueIdentifier>{B74594E4-32CA-4D9F-B1B1-9B62CCB9C4AB}</UniqueIdentifier>
    </Filter>
    <Filter Include="C API Header Files">
      <UniqueIdentifier>{35B7A09B-1CD8-4B1E-8067-B38F1A09B1DA}</UniqueIdentifier>
    </Filter>
  </ItemGroup>
</Project>